
Microsoft Visual Studio Solution File, Format Version 12.00
# Visual Studio Version 17
VisualStudioVersion = 17.14.36414.22 d17.14
MinimumVisualStudioVersion = 10.0.40219.1
Project("{FAE04EC0-301F-11D3-BF4B-00C04F79EFBC}") = "SitefinityApp", "SitefinityApp.csproj", "{ABB3AE4D-ABE0-4A21-861E-41CE0BFF075D}"
EndProject
Global
	GlobalSection(SolutionConfigurationPlatforms) = preSolution
		Debug|Any CPU = Debug|Any CPU
		Release|Any CPU = Release|Any CPU
	EndGlobalSection
	GlobalSection(ProjectConfigurationPlatforms) = postSolution
		{ABB3AE4D-ABE0-4A21-861E-41CE0BFF075D}.Debug|Any CPU.ActiveCfg = Debug|Any CPU
		{ABB3AE4D-ABE0-4A21-861E-41CE0BFF075D}.Debug|Any CPU.Build.0 = Debug|Any CPU
		{ABB3AE4D-ABE0-4A21-861E-41CE0BFF075D}.Release|Any CPU.ActiveCfg = Release|Any CPU
		{ABB3AE4D-ABE0-4A21-861E-41CE0BFF075D}.Release|Any CPU.Build.0 = Release|Any CPU
	EndGlobalSection
	GlobalSection(SolutionProperties) = preSolution
		HideSolutionNode = FALSE
	EndGlobalSection
	GlobalSection(ExtensibilityGlobals) = postSolution
		SolutionGuid = {599F850A-AC06-4967-8E08-8854F173DC49}
	EndGlobalSection
EndGlobal
